// !$*UTF8*$!
{
	archiveVersion = 1;
	classes = {
	};
	objectVersion = 56;
	objects = {

/* Begin PBXBuildFile section */
		161DB4052B6DF79300F85377 /* UILabel.swift in Sources */ = {isa = PBXBuildFile; fileRef = 161DB4042B6DF79300F85377 /* UILabel.swift */; };
		161DB4072B6DF84000F85377 /* JoinWIthInvitationCodeViewController.swift in Sources */ = {isa = PBXBuildFile; fileRef = 161DB4062B6DF84000F85377 /* JoinWIthInvitationCodeViewController.swift */; };
		161DB4092B6E6E4800F85377 /* BoxCell.xib in Resources */ = {isa = PBXBuildFile; fileRef = 161DB4082B6E6E4800F85377 /* BoxCell.xib */; };
		161DB40B2B6E709500F85377 /* BoxCell.swift in Sources */ = {isa = PBXBuildFile; fileRef = 161DB40A2B6E709500F85377 /* BoxCell.swift */; };
		161DB40D2B6E899C00F85377 /* InfoViewController.swift in Sources */ = {isa = PBXBuildFile; fileRef = 161DB40C2B6E899C00F85377 /* InfoViewController.swift */; };
		161DB40F2B6E8E1D00F85377 /* ItemListViewController.swift in Sources */ = {isa = PBXBuildFile; fileRef = 161DB40E2B6E8E1D00F85377 /* ItemListViewController.swift */; };
		161DB4112B6E8F3100F85377 /* DrugModel.swift in Sources */ = {isa = PBXBuildFile; fileRef = 161DB4102B6E8F3100F85377 /* DrugModel.swift */; };
		161DB4132B6E927E00F85377 /* UIImage.swift in Sources */ = {isa = PBXBuildFile; fileRef = 161DB4122B6E927E00F85377 /* UIImage.swift */; };
		161DB4192B752B0E00F85377 /* AFDateResponse.swift in Sources */ = {isa = PBXBuildFile; fileRef = 161DB4182B752B0E00F85377 /* AFDateResponse.swift */; };
		161DB41D2B7540F500F85377 /* BoxSettingViewController.swift in Sources */ = {isa = PBXBuildFile; fileRef = 161DB41C2B7540F500F85377 /* BoxSettingViewController.swift */; };
		161DB4212B76190100F85377 /* UIImageView.swift in Sources */ = {isa = PBXBuildFile; fileRef = 161DB4202B76190100F85377 /* UIImageView.swift */; };
		161DB4262B763B2800F85377 /* ButtonTappedDelegate.swift in Sources */ = {isa = PBXBuildFile; fileRef = 161DB4252B763B2800F85377 /* ButtonTappedDelegate.swift */; };
		161DB4282B7A4E3B00F85377 /* InviteViewController.swift in Sources */ = {isa = PBXBuildFile; fileRef = 161DB4272B7A4E3B00F85377 /* InviteViewController.swift */; };
		16205A822B7BB4B0002DF4D2 /* AddDrugViewController.swift in Sources */ = {isa = PBXBuildFile; fileRef = 16205A812B7BB4B0002DF4D2 /* AddDrugViewController.swift */; };
		16205A842B7BB4CB002DF4D2 /* ShowDrugDetailViewController.swift in Sources */ = {isa = PBXBuildFile; fileRef = 16205A832B7BB4CB002DF4D2 /* ShowDrugDetailViewController.swift */; };
		16205A862B7BB4F4002DF4D2 /* AddPrescriptionViewController.swift in Sources */ = {isa = PBXBuildFile; fileRef = 16205A852B7BB4F4002DF4D2 /* AddPrescriptionViewController.swift */; };
		1662B8112C1FD04900BF7802 /* KeychainSwift in Frameworks */ = {isa = PBXBuildFile; productRef = 1662B8102C1FD04900BF7802 /* KeychainSwift */; };
		1662B8142C1FD16500BF7802 /* CombineMoya in Frameworks */ = {isa = PBXBuildFile; productRef = 1662B8132C1FD16500BF7802 /* CombineMoya */; };
		1662B8162C1FD16500BF7802 /* Moya in Frameworks */ = {isa = PBXBuildFile; productRef = 1662B8152C1FD16500BF7802 /* Moya */; };
		1662B8182C1FD16500BF7802 /* ReactiveMoya in Frameworks */ = {isa = PBXBuildFile; productRef = 1662B8172C1FD16500BF7802 /* ReactiveMoya */; };
		1662B81A2C1FD16500BF7802 /* RxMoya in Frameworks */ = {isa = PBXBuildFile; productRef = 1662B8192C1FD16500BF7802 /* RxMoya */; };
		1662B81C2C21655400BF7802 /* LoginService.swift in Sources */ = {isa = PBXBuildFile; fileRef = 1662B81B2C21655400BF7802 /* LoginService.swift */; };
		1662B81F2C218AFA00BF7802 /* BoxManageService.swift in Sources */ = {isa = PBXBuildFile; fileRef = 1662B81E2C218AFA00BF7802 /* BoxManageService.swift */; };
		16913C812B64FB0B006A0F0A /* DefaultBoxViewController.swift in Sources */ = {isa = PBXBuildFile; fileRef = 16913C802B64FB0B006A0F0A /* DefaultBoxViewController.swift */; };
		16913C842B64FB59006A0F0A /* MainDeleteViewController.swift in Sources */ = {isa = PBXBuildFile; fileRef = 16913C832B64FB59006A0F0A /* MainDeleteViewController.swift */; };
		16913C882B64FBB1006A0F0A /* MapViewController.swift in Sources */ = {isa = PBXBuildFile; fileRef = 16913C872B64FBB1006A0F0A /* MapViewController.swift */; };
		16913C8C2B654A36006A0F0A /* WayToDelete.swift in Sources */ = {isa = PBXBuildFile; fileRef = 16913C8B2B654A36006A0F0A /* WayToDelete.swift */; };
		16913C8F2B654A67006A0F0A /* WayToDelete.xib in Resources */ = {isa = PBXBuildFile; fileRef = 16913C8E2B654A67006A0F0A /* WayToDelete.xib */; };
		16A213872BF30DCA00D82CE3 /* Toast in Frameworks */ = {isa = PBXBuildFile; productRef = 16A213862BF30DCA00D82CE3 /* Toast */; };
		16A213892BF3467C00D82CE3 /* UserData.swift in Sources */ = {isa = PBXBuildFile; fileRef = 16A213882BF3467C00D82CE3 /* UserData.swift */; };
		16A2138B2BFDCAD600D82CE3 /* BoxListModel.swift in Sources */ = {isa = PBXBuildFile; fileRef = 16A2138A2BFDCAD600D82CE3 /* BoxListModel.swift */; };
		16A2138D2BFDCB0200D82CE3 /* BoxListData.swift in Sources */ = {isa = PBXBuildFile; fileRef = 16A2138C2BFDCB0200D82CE3 /* BoxListData.swift */; };
		16A213942C0836E000D82CE3 /* GoogleService-Info.plist in Resources */ = {isa = PBXBuildFile; fileRef = 16A213932C0836E000D82CE3 /* GoogleService-Info.plist */; };
		16C19AEB2C799B7500E93FD0 /* OAuthLoginRequest.swift in Sources */ = {isa = PBXBuildFile; fileRef = 16C19AEA2C799B7500E93FD0 /* OAuthLoginRequest.swift */; };
		16C19AEF2C799BC500E93FD0 /* TokenDto.swift in Sources */ = {isa = PBXBuildFile; fileRef = 16C19AEE2C799BC500E93FD0 /* TokenDto.swift */; };
		16C19AF12C799C3000E93FD0 /* UserLoginRequest.swift in Sources */ = {isa = PBXBuildFile; fileRef = 16C19AF02C799C3000E93FD0 /* UserLoginRequest.swift */; };
		16C19AF32C799DF600E93FD0 /* IdResponse.swift in Sources */ = {isa = PBXBuildFile; fileRef = 16C19AF22C799DF600E93FD0 /* IdResponse.swift */; };
		16C3B9FF2B6A8A7A00CD8B97 /* Alamofire in Frameworks */ = {isa = PBXBuildFile; productRef = 16C3B9FE2B6A8A7A00CD8B97 /* Alamofire */; };
		16C3BA012B6A955800CD8B97 /* CreateNewBoxViewController.swift in Sources */ = {isa = PBXBuildFile; fileRef = 16C3BA002B6A955800CD8B97 /* CreateNewBoxViewController.swift */; };
		16C3BA052B6A95CD00CD8B97 /* BoxManager.swift in Sources */ = {isa = PBXBuildFile; fileRef = 16C3BA042B6A95CD00CD8B97 /* BoxManager.swift */; };
		16C5CFF22BB7ED10008DF3D3 /* OnboardingCell.swift in Sources */ = {isa = PBXBuildFile; fileRef = 16C5CFF12BB7ED10008DF3D3 /* OnboardingCell.swift */; };
		16C5CFF42BB7ED1E008DF3D3 /* OnboardingCell.xib in Resources */ = {isa = PBXBuildFile; fileRef = 16C5CFF32BB7ED1E008DF3D3 /* OnboardingCell.xib */; };
		16C5CFF62BB7EDC8008DF3D3 /* OnboardingViewController.swift in Sources */ = {isa = PBXBuildFile; fileRef = 16C5CFF52BB7EDC8008DF3D3 /* OnboardingViewController.swift */; };
		16D147D32BBCDCF40036C01C /* FirebaseAnalytics in Frameworks */ = {isa = PBXBuildFile; productRef = 16D147D22BBCDCF40036C01C /* FirebaseAnalytics */; };
		16D147D52BBCDCF40036C01C /* FirebaseAnalyticsOnDeviceConversion in Frameworks */ = {isa = PBXBuildFile; productRef = 16D147D42BBCDCF40036C01C /* FirebaseAnalyticsOnDeviceConversion */; };
		16D147D72BBCDCF40036C01C /* FirebaseAnalyticsSwift in Frameworks */ = {isa = PBXBuildFile; productRef = 16D147D62BBCDCF40036C01C /* FirebaseAnalyticsSwift */; };
		16D147D92BBCDCF40036C01C /* FirebaseAnalyticsWithoutAdIdSupport in Frameworks */ = {isa = PBXBuildFile; productRef = 16D147D82BBCDCF40036C01C /* FirebaseAnalyticsWithoutAdIdSupport */; };
		16D147DB2BBCDCF40036C01C /* FirebaseAppCheck in Frameworks */ = {isa = PBXBuildFile; productRef = 16D147DA2BBCDCF40036C01C /* FirebaseAppCheck */; };
		16D147E12BC3E86E0036C01C /* FirebaseAppDistribution-Beta in Frameworks */ = {isa = PBXBuildFile; productRef = 16D147E02BC3E86E0036C01C /* FirebaseAppDistribution-Beta */; };
		16D147E32BC3E86E0036C01C /* FirebaseAuth in Frameworks */ = {isa = PBXBuildFile; productRef = 16D147E22BC3E86E0036C01C /* FirebaseAuth */; };
		16D147E52BC3E86F0036C01C /* FirebaseAuthCombine-Community in Frameworks */ = {isa = PBXBuildFile; productRef = 16D147E42BC3E86F0036C01C /* FirebaseAuthCombine-Community */; };
		16D147E72BC3E86F0036C01C /* FirebaseCrashlytics in Frameworks */ = {isa = PBXBuildFile; productRef = 16D147E62BC3E86F0036C01C /* FirebaseCrashlytics */; };
		16D147E92BC3E86F0036C01C /* FirebaseDatabase in Frameworks */ = {isa = PBXBuildFile; productRef = 16D147E82BC3E86F0036C01C /* FirebaseDatabase */; };
		16D147EB2BC3E86F0036C01C /* FirebaseDatabaseSwift in Frameworks */ = {isa = PBXBuildFile; productRef = 16D147EA2BC3E86F0036C01C /* FirebaseDatabaseSwift */; };
		16D147ED2BC3E86F0036C01C /* FirebaseDynamicLinks in Frameworks */ = {isa = PBXBuildFile; productRef = 16D147EC2BC3E86F0036C01C /* FirebaseDynamicLinks */; };
		16D147EF2BC3E86F0036C01C /* FirebaseFirestore in Frameworks */ = {isa = PBXBuildFile; productRef = 16D147EE2BC3E86F0036C01C /* FirebaseFirestore */; };
		16D147F12BC3E86F0036C01C /* FirebaseFirestoreCombine-Community in Frameworks */ = {isa = PBXBuildFile; productRef = 16D147F02BC3E86F0036C01C /* FirebaseFirestoreCombine-Community */; };
		16D147F32BC3E86F0036C01C /* FirebaseFirestoreSwift in Frameworks */ = {isa = PBXBuildFile; productRef = 16D147F22BC3E86F0036C01C /* FirebaseFirestoreSwift */; };
		16D147F52BC3E86F0036C01C /* FirebaseFunctions in Frameworks */ = {isa = PBXBuildFile; productRef = 16D147F42BC3E86F0036C01C /* FirebaseFunctions */; };
		16D147F72BC3E86F0036C01C /* FirebaseFunctionsCombine-Community in Frameworks */ = {isa = PBXBuildFile; productRef = 16D147F62BC3E86F0036C01C /* FirebaseFunctionsCombine-Community */; };
		16D147F92BC3E86F0036C01C /* FirebaseInAppMessaging-Beta in Frameworks */ = {isa = PBXBuildFile; productRef = 16D147F82BC3E86F0036C01C /* FirebaseInAppMessaging-Beta */; };
		16D147FB2BC3E86F0036C01C /* FirebaseInAppMessagingSwift-Beta in Frameworks */ = {isa = PBXBuildFile; productRef = 16D147FA2BC3E86F0036C01C /* FirebaseInAppMessagingSwift-Beta */; };
		16D147FD2BC3E86F0036C01C /* FirebaseInstallations in Frameworks */ = {isa = PBXBuildFile; productRef = 16D147FC2BC3E86F0036C01C /* FirebaseInstallations */; };
		16D147FF2BC3E86F0036C01C /* FirebaseMLModelDownloader in Frameworks */ = {isa = PBXBuildFile; productRef = 16D147FE2BC3E86F0036C01C /* FirebaseMLModelDownloader */; };
		16D148012BC3E86F0036C01C /* FirebaseMessaging in Frameworks */ = {isa = PBXBuildFile; productRef = 16D148002BC3E86F0036C01C /* FirebaseMessaging */; };
		16D148032BC3E86F0036C01C /* FirebasePerformance in Frameworks */ = {isa = PBXBuildFile; productRef = 16D148022BC3E86F0036C01C /* FirebasePerformance */; };
		16D148052BC3E86F0036C01C /* FirebaseRemoteConfig in Frameworks */ = {isa = PBXBuildFile; productRef = 16D148042BC3E86F0036C01C /* FirebaseRemoteConfig */; };
		16D148072BC3E86F0036C01C /* FirebaseRemoteConfigSwift in Frameworks */ = {isa = PBXBuildFile; productRef = 16D148062BC3E86F0036C01C /* FirebaseRemoteConfigSwift */; };
		16D148092BC3E86F0036C01C /* FirebaseStorage in Frameworks */ = {isa = PBXBuildFile; productRef = 16D148082BC3E86F0036C01C /* FirebaseStorage */; };
		16D1480B2BC3E86F0036C01C /* FirebaseStorageCombine-Community in Frameworks */ = {isa = PBXBuildFile; productRef = 16D1480A2BC3E86F0036C01C /* FirebaseStorageCombine-Community */; };
		16E008B92B63FDDB004F83F0 /* AppDelegate.swift in Sources */ = {isa = PBXBuildFile; fileRef = 16E008B82B63FDDB004F83F0 /* AppDelegate.swift */; };
		16E008BB2B63FDDB004F83F0 /* SceneDelegate.swift in Sources */ = {isa = PBXBuildFile; fileRef = 16E008BA2B63FDDB004F83F0 /* SceneDelegate.swift */; };
		16E008C02B63FDDB004F83F0 /* Main.storyboard in Resources */ = {isa = PBXBuildFile; fileRef = 16E008BE2B63FDDB004F83F0 /* Main.storyboard */; };
		16E008C22B63FDDB004F83F0 /* Assets.xcassets in Resources */ = {isa = PBXBuildFile; fileRef = 16E008C12B63FDDB004F83F0 /* Assets.xcassets */; };
		16E008C52B63FDDB004F83F0 /* LaunchScreen.storyboard in Resources */ = {isa = PBXBuildFile; fileRef = 16E008C32B63FDDB004F83F0 /* LaunchScreen.storyboard */; };
		16E008D02B63FDDC004F83F0 /* DrugBoxTests.swift in Sources */ = {isa = PBXBuildFile; fileRef = 16E008CF2B63FDDC004F83F0 /* DrugBoxTests.swift */; };
		16E008DA2B63FDDC004F83F0 /* DrugBoxUITests.swift in Sources */ = {isa = PBXBuildFile; fileRef = 16E008D92B63FDDC004F83F0 /* DrugBoxUITests.swift */; };
		16E008DC2B63FDDC004F83F0 /* DrugBoxUITestsLaunchTests.swift in Sources */ = {isa = PBXBuildFile; fileRef = 16E008DB2B63FDDC004F83F0 /* DrugBoxUITestsLaunchTests.swift */; };
		16E008F32B6401B2004F83F0 /* MenuSelectViewController.swift in Sources */ = {isa = PBXBuildFile; fileRef = 16E008F22B6401B2004F83F0 /* MenuSelectViewController.swift */; };
		16E008F72B640459004F83F0 /* LoginViewController.swift in Sources */ = {isa = PBXBuildFile; fileRef = 16E008F62B640459004F83F0 /* LoginViewController.swift */; };
		16E008F92B6404FF004F83F0 /* Constants.swift in Sources */ = {isa = PBXBuildFile; fileRef = 16E008F82B6404FF004F83F0 /* Constants.swift */; };
		16E008FB2B640BD6004F83F0 /* AlarmListViewController.swift in Sources */ = {isa = PBXBuildFile; fileRef = 16E008FA2B640BD6004F83F0 /* AlarmListViewController.swift */; };
		16E008FD2B642ABE004F83F0 /* AlarmCell.swift in Sources */ = {isa = PBXBuildFile; fileRef = 16E008FC2B642ABE004F83F0 /* AlarmCell.swift */; };
		16E008FF2B642B33004F83F0 /* AlarmCell.xib in Resources */ = {isa = PBXBuildFile; fileRef = 16E008FE2B642B33004F83F0 /* AlarmCell.xib */; };
		16E009012B642EB5004F83F0 /* Alarm.swift in Sources */ = {isa = PBXBuildFile; fileRef = 16E009002B642EB5004F83F0 /* Alarm.swift */; };
		16EFBB352B80FFDC006C2EFF /* String.swift in Sources */ = {isa = PBXBuildFile; fileRef = 16EFBB342B80FFDC006C2EFF /* String.swift */; };
		16EFBB372B810006006C2EFF /* Date.swift in Sources */ = {isa = PBXBuildFile; fileRef = 16EFBB362B810006006C2EFF /* Date.swift */; };
		16EFBB3F2B8105A1006C2EFF /* DrugCell.swift in Sources */ = {isa = PBXBuildFile; fileRef = 16EFBB3E2B8105A1006C2EFF /* DrugCell.swift */; };
		16EFBB412B8105AD006C2EFF /* DrugCell.xib in Resources */ = {isa = PBXBuildFile; fileRef = 16EFBB402B8105AD006C2EFF /* DrugCell.xib */; };
		16EFBB442B84F1E5006C2EFF /* GoogleSignIn in Frameworks */ = {isa = PBXBuildFile; productRef = 16EFBB432B84F1E5006C2EFF /* GoogleSignIn */; };
		16EFBB462B84F1E5006C2EFF /* GoogleSignInSwift in Frameworks */ = {isa = PBXBuildFile; productRef = 16EFBB452B84F1E5006C2EFF /* GoogleSignInSwift */; };
		16EFBB482B8720CA006C2EFF /* RegisterViewController.swift in Sources */ = {isa = PBXBuildFile; fileRef = 16EFBB472B8720CA006C2EFF /* RegisterViewController.swift */; };
/* End PBXBuildFile section */

/* Begin PBXContainerItemProxy section */
		16E008CC2B63FDDC004F83F0 /* PBXContainerItemProxy */ = {
			isa = PBXContainerItemProxy;
			containerPortal = 16E008AD2B63FDDB004F83F0 /* Project object */;
			proxyType = 1;
			remoteGlobalIDString = 16E008B42B63FDDB004F83F0;
			remoteInfo = DrugBox;
		};
		16E008D62B63FDDC004F83F0 /* PBXContainerItemProxy */ = {
			isa = PBXContainerItemProxy;
			containerPortal = 16E008AD2B63FDDB004F83F0 /* Project object */;
			proxyType = 1;
			remoteGlobalIDString = 16E008B42B63FDDB004F83F0;
			remoteInfo = DrugBox;
		};
/* End PBXContainerItemProxy section */

/* Begin PBXFileReference section */
		161DB4042B6DF79300F85377 /* UILabel.swift */ = {isa = PBXFileReference; lastKnownFileType = sourcecode.swift; path = UILabel.swift; sourceTree = "<group>"; };
		161DB4062B6DF84000F85377 /* JoinWIthInvitationCodeViewController.swift */ = {isa = PBXFileReference; lastKnownFileType = sourcecode.swift; path = JoinWIthInvitationCodeViewController.swift; sourceTree = "<group>"; };
		161DB4082B6E6E4800F85377 /* BoxCell.xib */ = {isa = PBXFileReference; lastKnownFileType = file.xib; path = BoxCell.xib; sourceTree = "<group>"; };
		161DB40A2B6E709500F85377 /* BoxCell.swift */ = {isa = PBXFileReference; lastKnownFileType = sourcecode.swift; path = BoxCell.swift; sourceTree = "<group>"; };
		161DB40C2B6E899C00F85377 /* InfoViewController.swift */ = {isa = PBXFileReference; lastKnownFileType = sourcecode.swift; path = InfoViewController.swift; sourceTree = "<group>"; };
		161DB40E2B6E8E1D00F85377 /* ItemListViewController.swift */ = {isa = PBXFileReference; lastKnownFileType = sourcecode.swift; path = ItemListViewController.swift; sourceTree = "<group>"; };
		161DB4102B6E8F3100F85377 /* DrugModel.swift */ = {isa = PBXFileReference; lastKnownFileType = sourcecode.swift; path = DrugModel.swift; sourceTree = "<group>"; };
		161DB4122B6E927E00F85377 /* UIImage.swift */ = {isa = PBXFileReference; lastKnownFileType = sourcecode.swift; path = UIImage.swift; sourceTree = "<group>"; };
		161DB4182B752B0E00F85377 /* AFDateResponse.swift */ = {isa = PBXFileReference; lastKnownFileType = sourcecode.swift; path = AFDateResponse.swift; sourceTree = "<group>"; };
		161DB41C2B7540F500F85377 /* BoxSettingViewController.swift */ = {isa = PBXFileReference; lastKnownFileType = sourcecode.swift; path = BoxSettingViewController.swift; sourceTree = "<group>"; };
		161DB4202B76190100F85377 /* UIImageView.swift */ = {isa = PBXFileReference; lastKnownFileType = sourcecode.swift; path = UIImageView.swift; sourceTree = "<group>"; };
		161DB4252B763B2800F85377 /* ButtonTappedDelegate.swift */ = {isa = PBXFileReference; lastKnownFileType = sourcecode.swift; path = ButtonTappedDelegate.swift; sourceTree = "<group>"; };
		161DB4272B7A4E3B00F85377 /* InviteViewController.swift */ = {isa = PBXFileReference; lastKnownFileType = sourcecode.swift; path = InviteViewController.swift; sourceTree = "<group>"; };
		16205A812B7BB4B0002DF4D2 /* AddDrugViewController.swift */ = {isa = PBXFileReference; lastKnownFileType = sourcecode.swift; path = AddDrugViewController.swift; sourceTree = "<group>"; };
		16205A832B7BB4CB002DF4D2 /* ShowDrugDetailViewController.swift */ = {isa = PBXFileReference; lastKnownFileType = sourcecode.swift; path = ShowDrugDetailViewController.swift; sourceTree = "<group>"; };
		16205A852B7BB4F4002DF4D2 /* AddPrescriptionViewController.swift */ = {isa = PBXFileReference; lastKnownFileType = sourcecode.swift; path = AddPrescriptionViewController.swift; sourceTree = "<group>"; };
		1662B81B2C21655400BF7802 /* LoginService.swift */ = {isa = PBXFileReference; lastKnownFileType = sourcecode.swift; path = LoginService.swift; sourceTree = "<group>"; };
		1662B81E2C218AFA00BF7802 /* BoxManageService.swift */ = {isa = PBXFileReference; lastKnownFileType = sourcecode.swift; path = BoxManageService.swift; sourceTree = "<group>"; };
		16913C802B64FB0B006A0F0A /* DefaultBoxViewController.swift */ = {isa = PBXFileReference; lastKnownFileType = sourcecode.swift; path = DefaultBoxViewController.swift; sourceTree = "<group>"; };
		16913C832B64FB59006A0F0A /* MainDeleteViewController.swift */ = {isa = PBXFileReference; lastKnownFileType = sourcecode.swift; path = MainDeleteViewController.swift; sourceTree = "<group>"; };
		16913C872B64FBB1006A0F0A /* MapViewController.swift */ = {isa = PBXFileReference; lastKnownFileType = sourcecode.swift; path = MapViewController.swift; sourceTree = "<group>"; };
		16913C8B2B654A36006A0F0A /* WayToDelete.swift */ = {isa = PBXFileReference; lastKnownFileType = sourcecode.swift; path = WayToDelete.swift; sourceTree = "<group>"; };
		16913C8E2B654A67006A0F0A /* WayToDelete.xib */ = {isa = PBXFileReference; lastKnownFileType = file.xib; path = WayToDelete.xib; sourceTree = "<group>"; };
		16A213882BF3467C00D82CE3 /* UserData.swift */ = {isa = PBXFileReference; lastKnownFileType = sourcecode.swift; path = UserData.swift; sourceTree = "<group>"; };
		16A2138A2BFDCAD600D82CE3 /* BoxListModel.swift */ = {isa = PBXFileReference; lastKnownFileType = sourcecode.swift; path = BoxListModel.swift; sourceTree = "<group>"; };
		16A2138C2BFDCB0200D82CE3 /* BoxListData.swift */ = {isa = PBXFileReference; lastKnownFileType = sourcecode.swift; path = BoxListData.swift; sourceTree = "<group>"; };
		16A2138E2C01837B00D82CE3 /* DrugBox.entitlements */ = {isa = PBXFileReference; lastKnownFileType = text.plist.entitlements; path = DrugBox.entitlements; sourceTree = "<group>"; };
		16A213932C0836E000D82CE3 /* GoogleService-Info.plist */ = {isa = PBXFileReference; fileEncoding = 4; lastKnownFileType = text.plist.xml; path = "GoogleService-Info.plist"; sourceTree = "<group>"; };
		16C19AEA2C799B7500E93FD0 /* OAuthLoginRequest.swift */ = {isa = PBXFileReference; lastKnownFileType = sourcecode.swift; path = OAuthLoginRequest.swift; sourceTree = "<group>"; };
		16C19AEE2C799BC500E93FD0 /* TokenDto.swift */ = {isa = PBXFileReference; lastKnownFileType = sourcecode.swift; path = TokenDto.swift; sourceTree = "<group>"; };
		16C19AF02C799C3000E93FD0 /* UserLoginRequest.swift */ = {isa = PBXFileReference; lastKnownFileType = sourcecode.swift; path = UserLoginRequest.swift; sourceTree = "<group>"; };
		16C19AF22C799DF600E93FD0 /* IdResponse.swift */ = {isa = PBXFileReference; lastKnownFileType = sourcecode.swift; path = IdResponse.swift; sourceTree = "<group>"; };
		16C3BA002B6A955800CD8B97 /* CreateNewBoxViewController.swift */ = {isa = PBXFileReference; lastKnownFileType = sourcecode.swift; path = CreateNewBoxViewController.swift; sourceTree = "<group>"; };
		16C3BA042B6A95CD00CD8B97 /* BoxManager.swift */ = {isa = PBXFileReference; lastKnownFileType = sourcecode.swift; path = BoxManager.swift; sourceTree = "<group>"; };
		16C5CFF12BB7ED10008DF3D3 /* OnboardingCell.swift */ = {isa = PBXFileReference; lastKnownFileType = sourcecode.swift; path = OnboardingCell.swift; sourceTree = "<group>"; };
		16C5CFF32BB7ED1E008DF3D3 /* OnboardingCell.xib */ = {isa = PBXFileReference; lastKnownFileType = file.xib; path = OnboardingCell.xib; sourceTree = "<group>"; };
		16C5CFF52BB7EDC8008DF3D3 /* OnboardingViewController.swift */ = {isa = PBXFileReference; lastKnownFileType = sourcecode.swift; path = OnboardingViewController.swift; sourceTree = "<group>"; };
		16E008B52B63FDDB004F83F0 /* DrugBox.app */ = {isa = PBXFileReference; explicitFileType = wrapper.application; includeInIndex = 0; path = DrugBox.app; sourceTree = BUILT_PRODUCTS_DIR; };
		16E008B82B63FDDB004F83F0 /* AppDelegate.swift */ = {isa = PBXFileReference; lastKnownFileType = sourcecode.swift; path = AppDelegate.swift; sourceTree = "<group>"; };
		16E008BA2B63FDDB004F83F0 /* SceneDelegate.swift */ = {isa = PBXFileReference; lastKnownFileType = sourcecode.swift; path = SceneDelegate.swift; sourceTree = "<group>"; };
		16E008BF2B63FDDB004F83F0 /* Base */ = {isa = PBXFileReference; lastKnownFileType = file.storyboard; name = Base; path = Base.lproj/Main.storyboard; sourceTree = "<group>"; };
		16E008C12B63FDDB004F83F0 /* Assets.xcassets */ = {isa = PBXFileReference; lastKnownFileType = folder.assetcatalog; path = Assets.xcassets; sourceTree = "<group>"; };
		16E008C42B63FDDB004F83F0 /* Base */ = {isa = PBXFileReference; lastKnownFileType = file.storyboard; name = Base; path = Base.lproj/LaunchScreen.storyboard; sourceTree = "<group>"; };
		16E008C62B63FDDB004F83F0 /* Info.plist */ = {isa = PBXFileReference; lastKnownFileType = text.plist.xml; path = Info.plist; sourceTree = "<group>"; };
		16E008CB2B63FDDC004F83F0 /* DrugBoxTests.xctest */ = {isa = PBXFileReference; explicitFileType = wrapper.cfbundle; includeInIndex = 0; path = DrugBoxTests.xctest; sourceTree = BUILT_PRODUCTS_DIR; };
		16E008CF2B63FDDC004F83F0 /* DrugBoxTests.swift */ = {isa = PBXFileReference; lastKnownFileType = sourcecode.swift; path = DrugBoxTests.swift; sourceTree = "<group>"; };
		16E008D52B63FDDC004F83F0 /* DrugBoxUITests.xctest */ = {isa = PBXFileReference; explicitFileType = wrapper.cfbundle; includeInIndex = 0; path = DrugBoxUITests.xctest; sourceTree = BUILT_PRODUCTS_DIR; };
		16E008D92B63FDDC004F83F0 /* DrugBoxUITests.swift */ = {isa = PBXFileReference; lastKnownFileType = sourcecode.swift; path = DrugBoxUITests.swift; sourceTree = "<group>"; };
		16E008DB2B63FDDC004F83F0 /* DrugBoxUITestsLaunchTests.swift */ = {isa = PBXFileReference; lastKnownFileType = sourcecode.swift; path = DrugBoxUITestsLaunchTests.swift; sourceTree = "<group>"; };
		16E008F22B6401B2004F83F0 /* MenuSelectViewController.swift */ = {isa = PBXFileReference; lastKnownFileType = sourcecode.swift; path = MenuSelectViewController.swift; sourceTree = "<group>"; };
		16E008F62B640459004F83F0 /* LoginViewController.swift */ = {isa = PBXFileReference; lastKnownFileType = sourcecode.swift; path = LoginViewController.swift; sourceTree = "<group>"; };
		16E008F82B6404FF004F83F0 /* Constants.swift */ = {isa = PBXFileReference; lastKnownFileType = sourcecode.swift; path = Constants.swift; sourceTree = "<group>"; };
		16E008FA2B640BD6004F83F0 /* AlarmListViewController.swift */ = {isa = PBXFileReference; lastKnownFileType = sourcecode.swift; path = AlarmListViewController.swift; sourceTree = "<group>"; };
		16E008FC2B642ABE004F83F0 /* AlarmCell.swift */ = {isa = PBXFileReference; lastKnownFileType = sourcecode.swift; path = AlarmCell.swift; sourceTree = "<group>"; };
		16E008FE2B642B33004F83F0 /* AlarmCell.xib */ = {isa = PBXFileReference; lastKnownFileType = file.xib; path = AlarmCell.xib; sourceTree = "<group>"; };
		16E009002B642EB5004F83F0 /* Alarm.swift */ = {isa = PBXFileReference; lastKnownFileType = sourcecode.swift; path = Alarm.swift; sourceTree = "<group>"; };
		16EFBB342B80FFDC006C2EFF /* String.swift */ = {isa = PBXFileReference; lastKnownFileType = sourcecode.swift; path = String.swift; sourceTree = "<group>"; };
		16EFBB362B810006006C2EFF /* Date.swift */ = {isa = PBXFileReference; lastKnownFileType = sourcecode.swift; path = Date.swift; sourceTree = "<group>"; };
		16EFBB3E2B8105A1006C2EFF /* DrugCell.swift */ = {isa = PBXFileReference; lastKnownFileType = sourcecode.swift; path = DrugCell.swift; sourceTree = "<group>"; };
		16EFBB402B8105AD006C2EFF /* DrugCell.xib */ = {isa = PBXFileReference; lastKnownFileType = file.xib; path = DrugCell.xib; sourceTree = "<group>"; };
		16EFBB472B8720CA006C2EFF /* RegisterViewController.swift */ = {isa = PBXFileReference; lastKnownFileType = sourcecode.swift; path = RegisterViewController.swift; sourceTree = "<group>"; };
/* End PBXFileReference section */

/* Begin PBXFrameworksBuildPhase section */
		16E008B22B63FDDB004F83F0 /* Frameworks */ = {
			isa = PBXFrameworksBuildPhase;
			buildActionMask = 2147483647;
			files = (
				1662B8162C1FD16500BF7802 /* Moya in Frameworks */,
				16D147FB2BC3E86F0036C01C /* FirebaseInAppMessagingSwift-Beta in Frameworks */,
				16D147EB2BC3E86F0036C01C /* FirebaseDatabaseSwift in Frameworks */,
				16D147E92BC3E86F0036C01C /* FirebaseDatabase in Frameworks */,
				16D147FF2BC3E86F0036C01C /* FirebaseMLModelDownloader in Frameworks */,
				16D147DB2BBCDCF40036C01C /* FirebaseAppCheck in Frameworks */,
				1662B81A2C1FD16500BF7802 /* RxMoya in Frameworks */,
				1662B8142C1FD16500BF7802 /* CombineMoya in Frameworks */,
				16D147F72BC3E86F0036C01C /* FirebaseFunctionsCombine-Community in Frameworks */,
				1662B8112C1FD04900BF7802 /* KeychainSwift in Frameworks */,
				16D147FD2BC3E86F0036C01C /* FirebaseInstallations in Frameworks */,
				16D148012BC3E86F0036C01C /* FirebaseMessaging in Frameworks */,
				16D147E32BC3E86E0036C01C /* FirebaseAuth in Frameworks */,
				16D148052BC3E86F0036C01C /* FirebaseRemoteConfig in Frameworks */,
				16D147D72BBCDCF40036C01C /* FirebaseAnalyticsSwift in Frameworks */,
				16D148092BC3E86F0036C01C /* FirebaseStorage in Frameworks */,
				16D148032BC3E86F0036C01C /* FirebasePerformance in Frameworks */,
				16D147EF2BC3E86F0036C01C /* FirebaseFirestore in Frameworks */,
				16EFBB462B84F1E5006C2EFF /* GoogleSignInSwift in Frameworks */,
				16D147F92BC3E86F0036C01C /* FirebaseInAppMessaging-Beta in Frameworks */,
				16C3B9FF2B6A8A7A00CD8B97 /* Alamofire in Frameworks */,
				16D147D52BBCDCF40036C01C /* FirebaseAnalyticsOnDeviceConversion in Frameworks */,
				16A213872BF30DCA00D82CE3 /* Toast in Frameworks */,
				16D148072BC3E86F0036C01C /* FirebaseRemoteConfigSwift in Frameworks */,
				16D147E52BC3E86F0036C01C /* FirebaseAuthCombine-Community in Frameworks */,
				16D147F52BC3E86F0036C01C /* FirebaseFunctions in Frameworks */,
				16D147D92BBCDCF40036C01C /* FirebaseAnalyticsWithoutAdIdSupport in Frameworks */,
				16D1480B2BC3E86F0036C01C /* FirebaseStorageCombine-Community in Frameworks */,
				16D147F12BC3E86F0036C01C /* FirebaseFirestoreCombine-Community in Frameworks */,
				1662B8182C1FD16500BF7802 /* ReactiveMoya in Frameworks */,
				16D147D32BBCDCF40036C01C /* FirebaseAnalytics in Frameworks */,
				16D147E72BC3E86F0036C01C /* FirebaseCrashlytics in Frameworks */,
				16EFBB442B84F1E5006C2EFF /* GoogleSignIn in Frameworks */,
				16D147E12BC3E86E0036C01C /* FirebaseAppDistribution-Beta in Frameworks */,
				16D147ED2BC3E86F0036C01C /* FirebaseDynamicLinks in Frameworks */,
				16D147F32BC3E86F0036C01C /* FirebaseFirestoreSwift in Frameworks */,
			);
			runOnlyForDeploymentPostprocessing = 0;
		};
		16E008C82B63FDDC004F83F0 /* Frameworks */ = {
			isa = PBXFrameworksBuildPhase;
			buildActionMask = 2147483647;
			files = (
			);
			runOnlyForDeploymentPostprocessing = 0;
		};
		16E008D22B63FDDC004F83F0 /* Frameworks */ = {
			isa = PBXFrameworksBuildPhase;
			buildActionMask = 2147483647;
			files = (
			);
			runOnlyForDeploymentPostprocessing = 0;
		};
/* End PBXFrameworksBuildPhase section */

/* Begin PBXGroup section */
		161DB41F2B7618BD00F85377 /* Extensions */ = {
			isa = PBXGroup;
			children = (
				161DB4042B6DF79300F85377 /* UILabel.swift */,
				161DB4122B6E927E00F85377 /* UIImage.swift */,
				161DB4202B76190100F85377 /* UIImageView.swift */,
				16EFBB342B80FFDC006C2EFF /* String.swift */,
				16EFBB362B810006006C2EFF /* Date.swift */,
			);
			path = Extensions;
			sourceTree = "<group>";
		};
		161DB4222B761AAF00F85377 /* Assets */ = {
			isa = PBXGroup;
			children = (
			);
			path = Assets;
			sourceTree = "<group>";
		};
		161DB4242B763B1200F85377 /* Protocols */ = {
			isa = PBXGroup;
			children = (
				161DB4252B763B2800F85377 /* ButtonTappedDelegate.swift */,
			);
			path = Protocols;
			sourceTree = "<group>";
		};
		16205A802B7B6225002DF4D2 /* DrugPage */ = {
			isa = PBXGroup;
			children = (
				161DB40E2B6E8E1D00F85377 /* ItemListViewController.swift */,
				16205A812B7BB4B0002DF4D2 /* AddDrugViewController.swift */,
				16205A832B7BB4CB002DF4D2 /* ShowDrugDetailViewController.swift */,
			);
			path = DrugPage;
			sourceTree = "<group>";
		};
		1662B81D2C21655A00BF7802 /* APIs */ = {
			isa = PBXGroup;
			children = (
				16C19AE92C799B4800E93FD0 /* Auth */,
				1662B81E2C218AFA00BF7802 /* BoxManageService.swift */,
			);
			path = APIs;
			sourceTree = "<group>";
		};
		16C19AE92C799B4800E93FD0 /* Auth */ = {
			isa = PBXGroup;
			children = (
				1662B81B2C21655400BF7802 /* LoginService.swift */,
				16C19AED2C799BB500E93FD0 /* Response */,
				16C19AEC2C799BAA00E93FD0 /* Request */,
			);
			path = Auth;
			sourceTree = "<group>";
		};
		16C19AEC2C799BAA00E93FD0 /* Request */ = {
			isa = PBXGroup;
			children = (
				16C19AEA2C799B7500E93FD0 /* OAuthLoginRequest.swift */,
				16C19AF02C799C3000E93FD0 /* UserLoginRequest.swift */,
			);
			path = Request;
			sourceTree = "<group>";
		};
		16C19AED2C799BB500E93FD0 /* Response */ = {
			isa = PBXGroup;
			children = (
				16C19AEE2C799BC500E93FD0 /* TokenDto.swift */,
				16C19AF22C799DF600E93FD0 /* IdResponse.swift */,
			);
			path = Response;
			sourceTree = "<group>";
		};
		16C3BA022B6A959900CD8B97 /* ForBox */ = {
			isa = PBXGroup;
			children = (
				16C3BA042B6A95CD00CD8B97 /* BoxManager.swift */,
				16A2138A2BFDCAD600D82CE3 /* BoxListModel.swift */,
				16A2138C2BFDCB0200D82CE3 /* BoxListData.swift */,
			);
			path = ForBox;
			sourceTree = "<group>";
		};
		16C3BA032B6A95B300CD8B97 /* ForDrug */ = {
			isa = PBXGroup;
			children = (
				161DB4102B6E8F3100F85377 /* DrugModel.swift */,
			);
			path = ForDrug;
			sourceTree = "<group>";
		};
		16C5CFF02BB7ECF7008DF3D3 /* Onboarding */ = {
			isa = PBXGroup;
			children = (
				16C5CFF12BB7ED10008DF3D3 /* OnboardingCell.swift */,
				16C5CFF32BB7ED1E008DF3D3 /* OnboardingCell.xib */,
			);
			path = Onboarding;
			sourceTree = "<group>";
		};
		16E008AC2B63FDDB004F83F0 = {
			isa = PBXGroup;
			children = (
				16E008B72B63FDDB004F83F0 /* DrugBox */,
				16E008CE2B63FDDC004F83F0 /* DrugBoxTests */,
				16E008D82B63FDDC004F83F0 /* DrugBoxUITests */,
				16E008B62B63FDDB004F83F0 /* Products */,
			);
			sourceTree = "<group>";
		};
		16E008B62B63FDDB004F83F0 /* Products */ = {
			isa = PBXGroup;
			children = (
				16E008B52B63FDDB004F83F0 /* DrugBox.app */,
				16E008CB2B63FDDC004F83F0 /* DrugBoxTests.xctest */,
				16E008D52B63FDDC004F83F0 /* DrugBoxUITests.xctest */,
			);
			name = Products;
			sourceTree = "<group>";
		};
		16E008B72B63FDDB004F83F0 /* DrugBox */ = {
			isa = PBXGroup;
			children = (
				16A2138E2C01837B00D82CE3 /* DrugBox.entitlements */,
				161DB4222B761AAF00F85377 /* Assets */,
				16E008EB2B63FE77004F83F0 /* Controllers */,
				16E008E92B63FE5B004F83F0 /* Models */,
				16E008E82B63FE53004F83F0 /* Views */,
				16E008B82B63FDDB004F83F0 /* AppDelegate.swift */,
				16A213932C0836E000D82CE3 /* GoogleService-Info.plist */,
				16E008BA2B63FDDB004F83F0 /* SceneDelegate.swift */,
				16E008C12B63FDDB004F83F0 /* Assets.xcassets */,
				16E008C32B63FDDB004F83F0 /* LaunchScreen.storyboard */,
				16E008C62B63FDDB004F83F0 /* Info.plist */,
				161DB4242B763B1200F85377 /* Protocols */,
				161DB41F2B7618BD00F85377 /* Extensions */,
			);
			path = DrugBox;
			sourceTree = "<group>";
		};
		16E008CE2B63FDDC004F83F0 /* DrugBoxTests */ = {
			isa = PBXGroup;
			children = (
				16E008CF2B63FDDC004F83F0 /* DrugBoxTests.swift */,
			);
			path = DrugBoxTests;
			sourceTree = "<group>";
		};
		16E008D82B63FDDC004F83F0 /* DrugBoxUITests */ = {
			isa = PBXGroup;
			children = (
				16E008D92B63FDDC004F83F0 /* DrugBoxUITests.swift */,
				16E008DB2B63FDDC004F83F0 /* DrugBoxUITestsLaunchTests.swift */,
			);
			path = DrugBoxUITests;
			sourceTree = "<group>";
		};
		16E008E82B63FE53004F83F0 /* Views */ = {
			isa = PBXGroup;
			children = (
				16E008BE2B63FDDB004F83F0 /* Main.storyboard */,
				16C5CFF02BB7ECF7008DF3D3 /* Onboarding */,
				16EFBB3B2B810580006C2EFF /* Drug */,
				16EFBB3A2B81056B006C2EFF /* TextForDelete */,
				16EFBB392B810562006C2EFF /* Alarm */,
				16EFBB382B810551006C2EFF /* Box */,
			);
			path = Views;
			sourceTree = "<group>";
		};
		16E008E92B63FE5B004F83F0 /* Models */ = {
			isa = PBXGroup;
			children = (
				1662B81D2C21655A00BF7802 /* APIs */,
				16E008F82B6404FF004F83F0 /* Constants.swift */,
				16C3BA032B6A95B300CD8B97 /* ForDrug */,
				16C3BA022B6A959900CD8B97 /* ForBox */,
				16E009002B642EB5004F83F0 /* Alarm.swift */,
				161DB4182B752B0E00F85377 /* AFDateResponse.swift */,
				16A213882BF3467C00D82CE3 /* UserData.swift */,
			);
			path = Models;
			sourceTree = "<group>";
		};
		16E008EB2B63FE77004F83F0 /* Controllers */ = {
			isa = PBXGroup;
			children = (
				16E008ED2B640157004F83F0 /* Default */,
				16E008EC2B640149004F83F0 /* Main */,
				16E008EE2B640160004F83F0 /* ManagePage */,
				16E008EF2B64016A004F83F0 /* DeletePage */,
				16E008F02B640172004F83F0 /* SearchPage */,
				16E008F12B64017A004F83F0 /* AccountPage */,
			);
			path = Controllers;
			sourceTree = "<group>";
		};
		16E008EC2B640149004F83F0 /* Main */ = {
			isa = PBXGroup;
			children = (
				16E008F22B6401B2004F83F0 /* MenuSelectViewController.swift */,
				16E008FA2B640BD6004F83F0 /* AlarmListViewController.swift */,
			);
			path = Main;
			sourceTree = "<group>";
		};
		16E008ED2B640157004F83F0 /* Default */ = {
			isa = PBXGroup;
			children = (
				16E008F62B640459004F83F0 /* LoginViewController.swift */,
				16EFBB472B8720CA006C2EFF /* RegisterViewController.swift */,
				16C5CFF52BB7EDC8008DF3D3 /* OnboardingViewController.swift */,
			);
			path = Default;
			sourceTree = "<group>";
		};
		16E008EE2B640160004F83F0 /* ManagePage */ = {
			isa = PBXGroup;
			children = (
				16205A802B7B6225002DF4D2 /* DrugPage */,
				16913C802B64FB0B006A0F0A /* DefaultBoxViewController.swift */,
				16C3BA002B6A955800CD8B97 /* CreateNewBoxViewController.swift */,
				161DB4062B6DF84000F85377 /* JoinWIthInvitationCodeViewController.swift */,
				161DB41C2B7540F500F85377 /* BoxSettingViewController.swift */,
				161DB4272B7A4E3B00F85377 /* InviteViewController.swift */,
				16205A852B7BB4F4002DF4D2 /* AddPrescriptionViewController.swift */,
			);
			path = ManagePage;
			sourceTree = "<group>";
		};
		16E008EF2B64016A004F83F0 /* DeletePage */ = {
			isa = PBXGroup;
			children = (
				16913C832B64FB59006A0F0A /* MainDeleteViewController.swift */,
				161DB40C2B6E899C00F85377 /* InfoViewController.swift */,
			);
			path = DeletePage;
			sourceTree = "<group>";
		};
		16E008F02B640172004F83F0 /* SearchPage */ = {
			isa = PBXGroup;
			children = (
				16913C872B64FBB1006A0F0A /* MapViewController.swift */,
			);
			path = SearchPage;
			sourceTree = "<group>";
		};
		16E008F12B64017A004F83F0 /* AccountPage */ = {
			isa = PBXGroup;
			children = (
			);
			path = AccountPage;
			sourceTree = "<group>";
		};
		16EFBB382B810551006C2EFF /* Box */ = {
			isa = PBXGroup;
			children = (
				161DB4082B6E6E4800F85377 /* BoxCell.xib */,
				161DB40A2B6E709500F85377 /* BoxCell.swift */,
			);
			path = Box;
			sourceTree = "<group>";
		};
		16EFBB392B810562006C2EFF /* Alarm */ = {
			isa = PBXGroup;
			children = (
				16E008FE2B642B33004F83F0 /* AlarmCell.xib */,
				16E008FC2B642ABE004F83F0 /* AlarmCell.swift */,
			);
			path = Alarm;
			sourceTree = "<group>";
		};
		16EFBB3A2B81056B006C2EFF /* TextForDelete */ = {
			isa = PBXGroup;
			children = (
				16913C8E2B654A67006A0F0A /* WayToDelete.xib */,
				16913C8B2B654A36006A0F0A /* WayToDelete.swift */,
			);
			path = TextForDelete;
			sourceTree = "<group>";
		};
		16EFBB3B2B810580006C2EFF /* Drug */ = {
			isa = PBXGroup;
			children = (
				16EFBB3E2B8105A1006C2EFF /* DrugCell.swift */,
				16EFBB402B8105AD006C2EFF /* DrugCell.xib */,
			);
			path = Drug;
			sourceTree = "<group>";
		};
/* End PBXGroup section */

/* Begin PBXNativeTarget section */
		16E008B42B63FDDB004F83F0 /* DrugBox */ = {
			isa = PBXNativeTarget;
			buildConfigurationList = 16E008DF2B63FDDC004F83F0 /* Build configuration list for PBXNativeTarget "DrugBox" */;
			buildPhases = (
				16E008B12B63FDDB004F83F0 /* Sources */,
				16E008B22B63FDDB004F83F0 /* Frameworks */,
				16E008B32B63FDDB004F83F0 /* Resources */,
			);
			buildRules = (
			);
			dependencies = (
			);
			name = DrugBox;
			packageProductDependencies = (
				16C3B9FE2B6A8A7A00CD8B97 /* Alamofire */,
				16EFBB432B84F1E5006C2EFF /* GoogleSignIn */,
				16EFBB452B84F1E5006C2EFF /* GoogleSignInSwift */,
				16D147D22BBCDCF40036C01C /* FirebaseAnalytics */,
				16D147D42BBCDCF40036C01C /* FirebaseAnalyticsOnDeviceConversion */,
				16D147D62BBCDCF40036C01C /* FirebaseAnalyticsSwift */,
				16D147D82BBCDCF40036C01C /* FirebaseAnalyticsWithoutAdIdSupport */,
				16D147DA2BBCDCF40036C01C /* FirebaseAppCheck */,
				16D147E02BC3E86E0036C01C /* FirebaseAppDistribution-Beta */,
				16D147E22BC3E86E0036C01C /* FirebaseAuth */,
				16D147E42BC3E86F0036C01C /* FirebaseAuthCombine-Community */,
				16D147E62BC3E86F0036C01C /* FirebaseCrashlytics */,
				16D147E82BC3E86F0036C01C /* FirebaseDatabase */,
				16D147EA2BC3E86F0036C01C /* FirebaseDatabaseSwift */,
				16D147EC2BC3E86F0036C01C /* FirebaseDynamicLinks */,
				16D147EE2BC3E86F0036C01C /* FirebaseFirestore */,
				16D147F02BC3E86F0036C01C /* FirebaseFirestoreCombine-Community */,
				16D147F22BC3E86F0036C01C /* FirebaseFirestoreSwift */,
				16D147F42BC3E86F0036C01C /* FirebaseFunctions */,
				16D147F62BC3E86F0036C01C /* FirebaseFunctionsCombine-Community */,
				16D147F82BC3E86F0036C01C /* FirebaseInAppMessaging-Beta */,
				16D147FA2BC3E86F0036C01C /* FirebaseInAppMessagingSwift-Beta */,
				16D147FC2BC3E86F0036C01C /* FirebaseInstallations */,
				16D147FE2BC3E86F0036C01C /* FirebaseMLModelDownloader */,
				16D148002BC3E86F0036C01C /* FirebaseMessaging */,
				16D148022BC3E86F0036C01C /* FirebasePerformance */,
				16D148042BC3E86F0036C01C /* FirebaseRemoteConfig */,
				16D148062BC3E86F0036C01C /* FirebaseRemoteConfigSwift */,
				16D148082BC3E86F0036C01C /* FirebaseStorage */,
				16D1480A2BC3E86F0036C01C /* FirebaseStorageCombine-Community */,
				16A213862BF30DCA00D82CE3 /* Toast */,
				1662B8102C1FD04900BF7802 /* KeychainSwift */,
				1662B8132C1FD16500BF7802 /* CombineMoya */,
				1662B8152C1FD16500BF7802 /* Moya */,
				1662B8172C1FD16500BF7802 /* ReactiveMoya */,
				1662B8192C1FD16500BF7802 /* RxMoya */,
			);
			productName = DrugBox;
			productReference = 16E008B52B63FDDB004F83F0 /* DrugBox.app */;
			productType = "com.apple.product-type.application";
		};
		16E008CA2B63FDDC004F83F0 /* DrugBoxTests */ = {
			isa = PBXNativeTarget;
			buildConfigurationList = 16E008E22B63FDDC004F83F0 /* Build configuration list for PBXNativeTarget "DrugBoxTests" */;
			buildPhases = (
				16E008C72B63FDDC004F83F0 /* Sources */,
				16E008C82B63FDDC004F83F0 /* Frameworks */,
				16E008C92B63FDDC004F83F0 /* Resources */,
			);
			buildRules = (
			);
			dependencies = (
				16E008CD2B63FDDC004F83F0 /* PBXTargetDependency */,
			);
			name = DrugBoxTests;
			productName = DrugBoxTests;
			productReference = 16E008CB2B63FDDC004F83F0 /* DrugBoxTests.xctest */;
			productType = "com.apple.product-type.bundle.unit-test";
		};
		16E008D42B63FDDC004F83F0 /* DrugBoxUITests */ = {
			isa = PBXNativeTarget;
			buildConfigurationList = 16E008E52B63FDDC004F83F0 /* Build configuration list for PBXNativeTarget "DrugBoxUITests" */;
			buildPhases = (
				16E008D12B63FDDC004F83F0 /* Sources */,
				16E008D22B63FDDC004F83F0 /* Frameworks */,
				16E008D32B63FDDC004F83F0 /* Resources */,
			);
			buildRules = (
			);
			dependencies = (
				16E008D72B63FDDC004F83F0 /* PBXTargetDependency */,
			);
			name = DrugBoxUITests;
			productName = DrugBoxUITests;
			productReference = 16E008D52B63FDDC004F83F0 /* DrugBoxUITests.xctest */;
			productType = "com.apple.product-type.bundle.ui-testing";
		};
/* End PBXNativeTarget section */

/* Begin PBXProject section */
		16E008AD2B63FDDB004F83F0 /* Project object */ = {
			isa = PBXProject;
			attributes = {
				BuildIndependentTargetsInParallel = 1;
				LastSwiftUpdateCheck = 1510;
				LastUpgradeCheck = 1510;
				TargetAttributes = {
					16E008B42B63FDDB004F83F0 = {
						CreatedOnToolsVersion = 15.1;
					};
					16E008CA2B63FDDC004F83F0 = {
						CreatedOnToolsVersion = 15.1;
						TestTargetID = 16E008B42B63FDDB004F83F0;
					};
					16E008D42B63FDDC004F83F0 = {
						CreatedOnToolsVersion = 15.1;
						TestTargetID = 16E008B42B63FDDB004F83F0;
					};
				};
			};
			buildConfigurationList = 16E008B02B63FDDB004F83F0 /* Build configuration list for PBXProject "DrugBox" */;
			compatibilityVersion = "Xcode 14.0";
			developmentRegion = en;
			hasScannedForEncodings = 0;
			knownRegions = (
				en,
				Base,
			);
			mainGroup = 16E008AC2B63FDDB004F83F0;
			packageReferences = (
				16C3B9FD2B6A8A7A00CD8B97 /* XCRemoteSwiftPackageReference "Alamofire" */,
				16EFBB422B84F1E5006C2EFF /* XCRemoteSwiftPackageReference "GoogleSignIn-iOS" */,
				16D147D12BBCDCF40036C01C /* XCRemoteSwiftPackageReference "firebase-ios-sdk" */,
				16A213852BF30DCA00D82CE3 /* XCRemoteSwiftPackageReference "Toast-Swift" */,
				1662B80F2C1FD04900BF7802 /* XCRemoteSwiftPackageReference "keychain-swift" */,
				1662B8122C1FD16500BF7802 /* XCRemoteSwiftPackageReference "Moya" */,
			);
			productRefGroup = 16E008B62B63FDDB004F83F0 /* Products */;
			projectDirPath = "";
			projectRoot = "";
			targets = (
				16E008B42B63FDDB004F83F0 /* DrugBox */,
				16E008CA2B63FDDC004F83F0 /* DrugBoxTests */,
				16E008D42B63FDDC004F83F0 /* DrugBoxUITests */,
			);
		};
/* End PBXProject section */

/* Begin PBXResourcesBuildPhase section */
		16E008B32B63FDDB004F83F0 /* Resources */ = {
			isa = PBXResourcesBuildPhase;
			buildActionMask = 2147483647;
			files = (
				16EFBB412B8105AD006C2EFF /* DrugCell.xib in Resources */,
				16E008C52B63FDDB004F83F0 /* LaunchScreen.storyboard in Resources */,
				16A213942C0836E000D82CE3 /* GoogleService-Info.plist in Resources */,
				16E008C22B63FDDB004F83F0 /* Assets.xcassets in Resources */,
				16E008C02B63FDDB004F83F0 /* Main.storyboard in Resources */,
				16913C8F2B654A67006A0F0A /* WayToDelete.xib in Resources */,
				16E008FF2B642B33004F83F0 /* AlarmCell.xib in Resources */,
				16C5CFF42BB7ED1E008DF3D3 /* OnboardingCell.xib in Resources */,
				161DB4092B6E6E4800F85377 /* BoxCell.xib in Resources */,
			);
			runOnlyForDeploymentPostprocessing = 0;
		};
		16E008C92B63FDDC004F83F0 /* Resources */ = {
			isa = PBXResourcesBuildPhase;
			buildActionMask = 2147483647;
			files = (
			);
			runOnlyForDeploymentPostprocessing = 0;
		};
		16E008D32B63FDDC004F83F0 /* Resources */ = {
			isa = PBXResourcesBuildPhase;
			buildActionMask = 2147483647;
			files = (
			);
			runOnlyForDeploymentPostprocessing = 0;
		};
/* End PBXResourcesBuildPhase section */

/* Begin PBXSourcesBuildPhase section */
		16E008B12B63FDDB004F83F0 /* Sources */ = {
			isa = PBXSourcesBuildPhase;
			buildActionMask = 2147483647;
			files = (
				16C19AF12C799C3000E93FD0 /* UserLoginRequest.swift in Sources */,
				16913C882B64FBB1006A0F0A /* MapViewController.swift in Sources */,
				16C19AEF2C799BC500E93FD0 /* TokenDto.swift in Sources */,
				1662B81C2C21655400BF7802 /* LoginService.swift in Sources */,
				16C5CFF22BB7ED10008DF3D3 /* OnboardingCell.swift in Sources */,
				161DB4132B6E927E00F85377 /* UIImage.swift in Sources */,
				161DB40F2B6E8E1D00F85377 /* ItemListViewController.swift in Sources */,
				16EFBB372B810006006C2EFF /* Date.swift in Sources */,
				16E008F92B6404FF004F83F0 /* Constants.swift in Sources */,
				16EFBB352B80FFDC006C2EFF /* String.swift in Sources */,
				16A213892BF3467C00D82CE3 /* UserData.swift in Sources */,
				16C5CFF62BB7EDC8008DF3D3 /* OnboardingViewController.swift in Sources */,
				16205A822B7BB4B0002DF4D2 /* AddDrugViewController.swift in Sources */,
				161DB4262B763B2800F85377 /* ButtonTappedDelegate.swift in Sources */,
				16E008F72B640459004F83F0 /* LoginViewController.swift in Sources */,
				161DB40B2B6E709500F85377 /* BoxCell.swift in Sources */,
				161DB4212B76190100F85377 /* UIImageView.swift in Sources */,
				16EFBB3F2B8105A1006C2EFF /* DrugCell.swift in Sources */,
				16A2138B2BFDCAD600D82CE3 /* BoxListModel.swift in Sources */,
				16C3BA052B6A95CD00CD8B97 /* BoxManager.swift in Sources */,
				16EFBB482B8720CA006C2EFF /* RegisterViewController.swift in Sources */,
				161DB41D2B7540F500F85377 /* BoxSettingViewController.swift in Sources */,
				16913C842B64FB59006A0F0A /* MainDeleteViewController.swift in Sources */,
				16C3BA012B6A955800CD8B97 /* CreateNewBoxViewController.swift in Sources */,
				161DB4052B6DF79300F85377 /* UILabel.swift in Sources */,
				16E008F32B6401B2004F83F0 /* MenuSelectViewController.swift in Sources */,
				16E009012B642EB5004F83F0 /* Alarm.swift in Sources */,
				16C19AF32C799DF600E93FD0 /* IdResponse.swift in Sources */,
				16C19AEB2C799B7500E93FD0 /* OAuthLoginRequest.swift in Sources */,
				16E008FD2B642ABE004F83F0 /* AlarmCell.swift in Sources */,
				161DB4112B6E8F3100F85377 /* DrugModel.swift in Sources */,
				16205A862B7BB4F4002DF4D2 /* AddPrescriptionViewController.swift in Sources */,
				16A2138D2BFDCB0200D82CE3 /* BoxListData.swift in Sources */,
				161DB4192B752B0E00F85377 /* AFDateResponse.swift in Sources */,
				161DB4282B7A4E3B00F85377 /* InviteViewController.swift in Sources */,
				16E008B92B63FDDB004F83F0 /* AppDelegate.swift in Sources */,
				16E008FB2B640BD6004F83F0 /* AlarmListViewController.swift in Sources */,
				16913C812B64FB0B006A0F0A /* DefaultBoxViewController.swift in Sources */,
				16E008BB2B63FDDB004F83F0 /* SceneDelegate.swift in Sources */,
				16205A842B7BB4CB002DF4D2 /* ShowDrugDetailViewController.swift in Sources */,
				1662B81F2C218AFA00BF7802 /* BoxManageService.swift in Sources */,
				16913C8C2B654A36006A0F0A /* WayToDelete.swift in Sources */,
				161DB4072B6DF84000F85377 /* JoinWIthInvitationCodeViewController.swift in Sources */,
				161DB40D2B6E899C00F85377 /* InfoViewController.swift in Sources */,
			);
			runOnlyForDeploymentPostprocessing = 0;
		};
		16E008C72B63FDDC004F83F0 /* Sources */ = {
			isa = PBXSourcesBuildPhase;
			buildActionMask = 2147483647;
			files = (
				16E008D02B63FDDC004F83F0 /* DrugBoxTests.swift in Sources */,
			);
			runOnlyForDeploymentPostprocessing = 0;
		};
		16E008D12B63FDDC004F83F0 /* Sources */ = {
			isa = PBXSourcesBuildPhase;
			buildActionMask = 2147483647;
			files = (
				16E008DC2B63FDDC004F83F0 /* DrugBoxUITestsLaunchTests.swift in Sources */,
				16E008DA2B63FDDC004F83F0 /* DrugBoxUITests.swift in Sources */,
			);
			runOnlyForDeploymentPostprocessing = 0;
		};
/* End PBXSourcesBuildPhase section */

/* Begin PBXTargetDependency section */
		16E008CD2B63FDDC004F83F0 /* PBXTargetDependency */ = {
			isa = PBXTargetDependency;
			target = 16E008B42B63FDDB004F83F0 /* DrugBox */;
			targetProxy = 16E008CC2B63FDDC004F83F0 /* PBXContainerItemProxy */;
		};
		16E008D72B63FDDC004F83F0 /* PBXTargetDependency */ = {
			isa = PBXTargetDependency;
			target = 16E008B42B63FDDB004F83F0 /* DrugBox */;
			targetProxy = 16E008D62B63FDDC004F83F0 /* PBXContainerItemProxy */;
		};
/* End PBXTargetDependency section */

/* Begin PBXVariantGroup section */
		16E008BE2B63FDDB004F83F0 /* Main.storyboard */ = {
			isa = PBXVariantGroup;
			children = (
				16E008BF2B63FDDB004F83F0 /* Base */,
			);
			name = Main.storyboard;
			sourceTree = "<group>";
		};
		16E008C32B63FDDB004F83F0 /* LaunchScreen.storyboard */ = {
			isa = PBXVariantGroup;
			children = (
				16E008C42B63FDDB004F83F0 /* Base */,
			);
			name = LaunchScreen.storyboard;
			sourceTree = "<group>";
		};
/* End PBXVariantGroup section */

/* Begin XCBuildConfiguration section */
		16E008DD2B63FDDC004F83F0 /* Debug */ = {
			isa = XCBuildConfiguration;
			buildSettings = {
				ALWAYS_SEARCH_USER_PATHS = NO;
				ASSETCATALOG_COMPILER_GENERATE_SWIFT_ASSET_SYMBOL_EXTENSIONS = YES;
				CLANG_ANALYZER_NONNULL = YES;
				CLANG_ANALYZER_NUMBER_OBJECT_CONVERSION = YES_AGGRESSIVE;
				CLANG_CXX_LANGUAGE_STANDARD = "gnu++20";
				CLANG_ENABLE_MODULES = YES;
				CLANG_ENABLE_OBJC_ARC = YES;
				CLANG_ENABLE_OBJC_WEAK = YES;
				CLANG_WARN_BLOCK_CAPTURE_AUTORELEASING = YES;
				CLANG_WARN_BOOL_CONVERSION = YES;
				CLANG_WARN_COMMA = YES;
				CLANG_WARN_CONSTANT_CONVERSION = YES;
				CLANG_WARN_DEPRECATED_OBJC_IMPLEMENTATIONS = YES;
				CLANG_WARN_DIRECT_OBJC_ISA_USAGE = YES_ERROR;
				CLANG_WARN_DOCUMENTATION_COMMENTS = YES;
				CLANG_WARN_EMPTY_BODY = YES;
				CLANG_WARN_ENUM_CONVERSION = YES;
				CLANG_WARN_INFINITE_RECURSION = YES;
				CLANG_WARN_INT_CONVERSION = YES;
				CLANG_WARN_NON_LITERAL_NULL_CONVERSION = YES;
				CLANG_WARN_OBJC_IMPLICIT_RETAIN_SELF = YES;
				CLANG_WARN_OBJC_LITERAL_CONVERSION = YES;
				CLANG_WARN_OBJC_ROOT_CLASS = YES_ERROR;
				CLANG_WARN_QUOTED_INCLUDE_IN_FRAMEWORK_HEADER = YES;
				CLANG_WARN_RANGE_LOOP_ANALYSIS = YES;
				CLANG_WARN_STRICT_PROTOTYPES = YES;
				CLANG_WARN_SUSPICIOUS_MOVE = YES;
				CLANG_WARN_UNGUARDED_AVAILABILITY = YES_AGGRESSIVE;
				CLANG_WARN_UNREACHABLE_CODE = YES;
				CLANG_WARN__DUPLICATE_METHOD_MATCH = YES;
				COPY_PHASE_STRIP = NO;
				DEBUG_INFORMATION_FORMAT = dwarf;
				ENABLE_STRICT_OBJC_MSGSEND = YES;
				ENABLE_TESTABILITY = YES;
				ENABLE_USER_SCRIPT_SANDBOXING = YES;
				GCC_C_LANGUAGE_STANDARD = gnu17;
				GCC_DYNAMIC_NO_PIC = NO;
				GCC_NO_COMMON_BLOCKS = YES;
				GCC_OPTIMIZATION_LEVEL = 0;
				GCC_PREPROCESSOR_DEFINITIONS = (
					"DEBUG=1",
					"$(inherited)",
				);
				GCC_WARN_64_TO_32_BIT_CONVERSION = YES;
				GCC_WARN_ABOUT_RETURN_TYPE = YES_ERROR;
				GCC_WARN_UNDECLARED_SELECTOR = YES;
				GCC_WARN_UNINITIALIZED_AUTOS = YES_AGGRESSIVE;
				GCC_WARN_UNUSED_FUNCTION = YES;
				GCC_WARN_UNUSED_VARIABLE = YES;
				IPHONEOS_DEPLOYMENT_TARGET = 17.2;
				LOCALIZATION_PREFERS_STRING_CATALOGS = YES;
				MTL_ENABLE_DEBUG_INFO = INCLUDE_SOURCE;
				MTL_FAST_MATH = YES;
				ONLY_ACTIVE_ARCH = YES;
				SDKROOT = iphoneos;
				SWIFT_ACTIVE_COMPILATION_CONDITIONS = "DEBUG $(inherited)";
				SWIFT_OPTIMIZATION_LEVEL = "-Onone";
			};
			name = Debug;
		};
		16E008DE2B63FDDC004F83F0 /* Release */ = {
			isa = XCBuildConfiguration;
			buildSettings = {
				ALWAYS_SEARCH_USER_PATHS = NO;
				ASSETCATALOG_COMPILER_GENERATE_SWIFT_ASSET_SYMBOL_EXTENSIONS = YES;
				CLANG_ANALYZER_NONNULL = YES;
				CLANG_ANALYZER_NUMBER_OBJECT_CONVERSION = YES_AGGRESSIVE;
				CLANG_CXX_LANGUAGE_STANDARD = "gnu++20";
				CLANG_ENABLE_MODULES = YES;
				CLANG_ENABLE_OBJC_ARC = YES;
				CLANG_ENABLE_OBJC_WEAK = YES;
				CLANG_WARN_BLOCK_CAPTURE_AUTORELEASING = YES;
				CLANG_WARN_BOOL_CONVERSION = YES;
				CLANG_WARN_COMMA = YES;
				CLANG_WARN_CONSTANT_CONVERSION = YES;
				CLANG_WARN_DEPRECATED_OBJC_IMPLEMENTATIONS = YES;
				CLANG_WARN_DIRECT_OBJC_ISA_USAGE = YES_ERROR;
				CLANG_WARN_DOCUMENTATION_COMMENTS = YES;
				CLANG_WARN_EMPTY_BODY = YES;
				CLANG_WARN_ENUM_CONVERSION = YES;
				CLANG_WARN_INFINITE_RECURSION = YES;
				CLANG_WARN_INT_CONVERSION = YES;
				CLANG_WARN_NON_LITERAL_NULL_CONVERSION = YES;
				CLANG_WARN_OBJC_IMPLICIT_RETAIN_SELF = YES;
				CLANG_WARN_OBJC_LITERAL_CONVERSION = YES;
				CLANG_WARN_OBJC_ROOT_CLASS = YES_ERROR;
				CLANG_WARN_QUOTED_INCLUDE_IN_FRAMEWORK_HEADER = YES;
				CLANG_WARN_RANGE_LOOP_ANALYSIS = YES;
				CLANG_WARN_STRICT_PROTOTYPES = YES;
				CLANG_WARN_SUSPICIOUS_MOVE = YES;
				CLANG_WARN_UNGUARDED_AVAILABILITY = YES_AGGRESSIVE;
				CLANG_WARN_UNREACHABLE_CODE = YES;
				CLANG_WARN__DUPLICATE_METHOD_MATCH = YES;
				COPY_PHASE_STRIP = NO;
				DEBUG_INFORMATION_FORMAT = "dwarf-with-dsym";
				ENABLE_NS_ASSERTIONS = NO;
				ENABLE_STRICT_OBJC_MSGSEND = YES;
				ENABLE_USER_SCRIPT_SANDBOXING = YES;
				GCC_C_LANGUAGE_STANDARD = gnu17;
				GCC_NO_COMMON_BLOCKS = YES;
				GCC_WARN_64_TO_32_BIT_CONVERSION = YES;
				GCC_WARN_ABOUT_RETURN_TYPE = YES_ERROR;
				GCC_WARN_UNDECLARED_SELECTOR = YES;
				GCC_WARN_UNINITIALIZED_AUTOS = YES_AGGRESSIVE;
				GCC_WARN_UNUSED_FUNCTION = YES;
				GCC_WARN_UNUSED_VARIABLE = YES;
				IPHONEOS_DEPLOYMENT_TARGET = 17.2;
				LOCALIZATION_PREFERS_STRING_CATALOGS = YES;
				MTL_ENABLE_DEBUG_INFO = NO;
				MTL_FAST_MATH = YES;
				SDKROOT = iphoneos;
				SWIFT_COMPILATION_MODE = wholemodule;
				VALIDATE_PRODUCT = YES;
			};
			name = Release;
		};
		16E008E02B63FDDC004F83F0 /* Debug */ = {
			isa = XCBuildConfiguration;
			buildSettings = {
				ASSETCATALOG_COMPILER_APPICON_NAME = AppIcon;
				ASSETCATALOG_COMPILER_GLOBAL_ACCENT_COLOR_NAME = AccentColor;
				CODE_SIGN_ENTITLEMENTS = DrugBox/DrugBox.entitlements;
				CODE_SIGN_STYLE = Automatic;
				CURRENT_PROJECT_VERSION = 1;
				DEVELOPMENT_TEAM = 83K577A944;
				GENERATE_INFOPLIST_FILE = YES;
				INFOPLIST_FILE = DrugBox/Info.plist;
				INFOPLIST_KEY_CFBundleDisplayName = DrugBox;
				INFOPLIST_KEY_LSApplicationCategoryType = "public.app-category.productivity";
				INFOPLIST_KEY_NSCameraUsageDescription = test;
				INFOPLIST_KEY_NSPhotoLibraryAddUsageDescription = test;
				INFOPLIST_KEY_UIApplicationSupportsIndirectInputEvents = YES;
				INFOPLIST_KEY_UILaunchStoryboardName = LaunchScreen;
				INFOPLIST_KEY_UIMainStoryboardFile = Main;
				INFOPLIST_KEY_UIStatusBarStyle = "";
				INFOPLIST_KEY_UISupportedInterfaceOrientations = UIInterfaceOrientationPortrait;
				LD_RUNPATH_SEARCH_PATHS = (
					"$(inherited)",
					"@executable_path/Frameworks",
				);
				MARKETING_VERSION = 1.0;
				PRODUCT_BUNDLE_IDENTIFIER = drugbox.DrugBox;
				PRODUCT_NAME = "$(TARGET_NAME)";
				SWIFT_EMIT_LOC_STRINGS = YES;
				SWIFT_VERSION = 5.0;
				TARGETED_DEVICE_FAMILY = "1,2";
			};
			name = Debug;
		};
		16E008E12B63FDDC004F83F0 /* Release */ = {
			isa = XCBuildConfiguration;
			buildSettings = {
				ASSETCATALOG_COMPILER_APPICON_NAME = AppIcon;
				ASSETCATALOG_COMPILER_GLOBAL_ACCENT_COLOR_NAME = AccentColor;
				CODE_SIGN_ENTITLEMENTS = DrugBox/DrugBox.entitlements;
				CODE_SIGN_STYLE = Automatic;
				CURRENT_PROJECT_VERSION = 1;
				DEVELOPMENT_TEAM = 83K577A944;
				GENERATE_INFOPLIST_FILE = YES;
				INFOPLIST_FILE = DrugBox/Info.plist;
				INFOPLIST_KEY_CFBundleDisplayName = DrugBox;
				INFOPLIST_KEY_LSApplicationCategoryType = "public.app-category.productivity";
				INFOPLIST_KEY_NSCameraUsageDescription = test;
				INFOPLIST_KEY_NSPhotoLibraryAddUsageDescription = test;
				INFOPLIST_KEY_UIApplicationSupportsIndirectInputEvents = YES;
				INFOPLIST_KEY_UILaunchStoryboardName = LaunchScreen;
				INFOPLIST_KEY_UIMainStoryboardFile = Main;
				INFOPLIST_KEY_UIStatusBarStyle = "";
				INFOPLIST_KEY_UISupportedInterfaceOrientations = UIInterfaceOrientationPortrait;
				LD_RUNPATH_SEARCH_PATHS = (
					"$(inherited)",
					"@executable_path/Frameworks",
				);
				MARKETING_VERSION = 1.0;
				PRODUCT_BUNDLE_IDENTIFIER = drugbox.DrugBox;
				PRODUCT_NAME = "$(TARGET_NAME)";
				SWIFT_EMIT_LOC_STRINGS = YES;
				SWIFT_VERSION = 5.0;
				TARGETED_DEVICE_FAMILY = "1,2";
			};
			name = Release;
		};
		16E008E32B63FDDC004F83F0 /* Debug */ = {
			isa = XCBuildConfiguration;
			buildSettings = {
				ALWAYS_EMBED_SWIFT_STANDARD_LIBRARIES = YES;
				BUNDLE_LOADER = "$(TEST_HOST)";
				CODE_SIGN_STYLE = Automatic;
				CURRENT_PROJECT_VERSION = 1;
				GENERATE_INFOPLIST_FILE = YES;
				IPHONEOS_DEPLOYMENT_TARGET = 17.2;
				MARKETING_VERSION = 1.0;
				PRODUCT_BUNDLE_IDENTIFIER = drugbox.DrugBoxTests;
				PRODUCT_NAME = "$(TARGET_NAME)";
				SWIFT_EMIT_LOC_STRINGS = NO;
				SWIFT_VERSION = 5.0;
				TARGETED_DEVICE_FAMILY = "1,2";
				TEST_HOST = "$(BUILT_PRODUCTS_DIR)/DrugBox.app/$(BUNDLE_EXECUTABLE_FOLDER_PATH)/DrugBox";
			};
			name = Debug;
		};
		16E008E42B63FDDC004F83F0 /* Release */ = {
			isa = XCBuildConfiguration;
			buildSettings = {
				ALWAYS_EMBED_SWIFT_STANDARD_LIBRARIES = YES;
				BUNDLE_LOADER = "$(TEST_HOST)";
				CODE_SIGN_STYLE = Automatic;
				CURRENT_PROJECT_VERSION = 1;
				GENERATE_INFOPLIST_FILE = YES;
				IPHONEOS_DEPLOYMENT_TARGET = 17.2;
				MARKETING_VERSION = 1.0;
				PRODUCT_BUNDLE_IDENTIFIER = drugbox.DrugBoxTests;
				PRODUCT_NAME = "$(TARGET_NAME)";
				SWIFT_EMIT_LOC_STRINGS = NO;
				SWIFT_VERSION = 5.0;
				TARGETED_DEVICE_FAMILY = "1,2";
				TEST_HOST = "$(BUILT_PRODUCTS_DIR)/DrugBox.app/$(BUNDLE_EXECUTABLE_FOLDER_PATH)/DrugBox";
			};
			name = Release;
		};
		16E008E62B63FDDC004F83F0 /* Debug */ = {
			isa = XCBuildConfiguration;
			buildSettings = {
				ALWAYS_EMBED_SWIFT_STANDARD_LIBRARIES = YES;
				CODE_SIGN_STYLE = Automatic;
				CURRENT_PROJECT_VERSION = 1;
				GENERATE_INFOPLIST_FILE = YES;
				MARKETING_VERSION = 1.0;
				PRODUCT_BUNDLE_IDENTIFIER = drugbox.DrugBoxUITests;
				PRODUCT_NAME = "$(TARGET_NAME)";
				SWIFT_EMIT_LOC_STRINGS = NO;
				SWIFT_VERSION = 5.0;
				TARGETED_DEVICE_FAMILY = "1,2";
				TEST_TARGET_NAME = DrugBox;
			};
			name = Debug;
		};
		16E008E72B63FDDC004F83F0 /* Release */ = {
			isa = XCBuildConfiguration;
			buildSettings = {
				ALWAYS_EMBED_SWIFT_STANDARD_LIBRARIES = YES;
				CODE_SIGN_STYLE = Automatic;
				CURRENT_PROJECT_VERSION = 1;
				GENERATE_INFOPLIST_FILE = YES;
				MARKETING_VERSION = 1.0;
				PRODUCT_BUNDLE_IDENTIFIER = drugbox.DrugBoxUITests;
				PRODUCT_NAME = "$(TARGET_NAME)";
				SWIFT_EMIT_LOC_STRINGS = NO;
				SWIFT_VERSION = 5.0;
				TARGETED_DEVICE_FAMILY = "1,2";
				TEST_TARGET_NAME = DrugBox;
			};
			name = Release;
		};
/* End XCBuildConfiguration section */

/* Begin XCConfigurationList section */
		16E008B02B63FDDB004F83F0 /* Build configuration list for PBXProject "DrugBox" */ = {
			isa = XCConfigurationList;
			buildConfigurations = (
				16E008DD2B63FDDC004F83F0 /* Debug */,
				16E008DE2B63FDDC004F83F0 /* Release */,
			);
			defaultConfigurationIsVisible = 0;
			defaultConfigurationName = Release;
		};
		16E008DF2B63FDDC004F83F0 /* Build configuration list for PBXNativeTarget "DrugBox" */ = {
			isa = XCConfigurationList;
			buildConfigurations = (
				16E008E02B63FDDC004F83F0 /* Debug */,
				16E008E12B63FDDC004F83F0 /* Release */,
			);
			defaultConfigurationIsVisible = 0;
			defaultConfigurationName = Release;
		};
		16E008E22B63FDDC004F83F0 /* Build configuration list for PBXNativeTarget "DrugBoxTests" */ = {
			isa = XCConfigurationList;
			buildConfigurations = (
				16E008E32B63FDDC004F83F0 /* Debug */,
				16E008E42B63FDDC004F83F0 /* Release */,
			);
			defaultConfigurationIsVisible = 0;
			defaultConfigurationName = Release;
		};
		16E008E52B63FDDC004F83F0 /* Build configuration list for PBXNativeTarget "DrugBoxUITests" */ = {
			isa = XCConfigurationList;
			buildConfigurations = (
				16E008E62B63FDDC004F83F0 /* Debug */,
				16E008E72B63FDDC004F83F0 /* Release */,
			);
			defaultConfigurationIsVisible = 0;
			defaultConfigurationName = Release;
		};
/* End XCConfigurationList section */

/* Begin XCRemoteSwiftPackageReference section */
		1662B80F2C1FD04900BF7802 /* XCRemoteSwiftPackageReference "keychain-swift" */ = {
			isa = XCRemoteSwiftPackageReference;
			repositoryURL = "https://github.com/evgenyneu/keychain-swift.git";
			requirement = {
				kind = upToNextMajorVersion;
				minimumVersion = 24.0.0;
			};
		};
		1662B8122C1FD16500BF7802 /* XCRemoteSwiftPackageReference "Moya" */ = {
			isa = XCRemoteSwiftPackageReference;
			repositoryURL = "https://github.com/Moya/Moya.git";
			requirement = {
				kind = upToNextMajorVersion;
				minimumVersion = 15.0.3;
			};
		};
		16A213852BF30DCA00D82CE3 /* XCRemoteSwiftPackageReference "Toast-Swift" */ = {
			isa = XCRemoteSwiftPackageReference;
			repositoryURL = "https://github.com/scalessec/Toast-Swift";
			requirement = {
				kind = upToNextMajorVersion;
				minimumVersion = 5.1.1;
			};
		};
		16C3B9FD2B6A8A7A00CD8B97 /* XCRemoteSwiftPackageReference "Alamofire" */ = {
			isa = XCRemoteSwiftPackageReference;
			repositoryURL = "https://github.com/Alamofire/Alamofire";
			requirement = {
				kind = upToNextMajorVersion;
				minimumVersion = 5.8.1;
			};
		};
		16D147D12BBCDCF40036C01C /* XCRemoteSwiftPackageReference "firebase-ios-sdk" */ = {
			isa = XCRemoteSwiftPackageReference;
			repositoryURL = "https://github.com/firebase/firebase-ios-sdk";
			requirement = {
				kind = upToNextMajorVersion;
				minimumVersion = 10.23.1;
			};
		};
		16EFBB422B84F1E5006C2EFF /* XCRemoteSwiftPackageReference "GoogleSignIn-iOS" */ = {
			isa = XCRemoteSwiftPackageReference;
			repositoryURL = "https://github.com/google/GoogleSignIn-iOS";
			requirement = {
				kind = upToNextMajorVersion;
				minimumVersion = 7.0.0;
			};
		};
/* End XCRemoteSwiftPackageReference section */

/* Begin XCSwiftPackageProductDependency section */
		1662B8102C1FD04900BF7802 /* KeychainSwift */ = {
			isa = XCSwiftPackageProductDependency;
			package = 1662B80F2C1FD04900BF7802 /* XCRemoteSwiftPackageReference "keychain-swift" */;
			productName = KeychainSwift;
		};
		1662B8132C1FD16500BF7802 /* CombineMoya */ = {
			isa = XCSwiftPackageProductDependency;
			package = 1662B8122C1FD16500BF7802 /* XCRemoteSwiftPackageReference "Moya" */;
			productName = CombineMoya;
		};
		1662B8152C1FD16500BF7802 /* Moya */ = {
			isa = XCSwiftPackageProductDependency;
			package = 1662B8122C1FD16500BF7802 /* XCRemoteSwiftPackageReference "Moya" */;
			productName = Moya;
		};
		1662B8172C1FD16500BF7802 /* ReactiveMoya */ = {
			isa = XCSwiftPackageProductDependency;
			package = 1662B8122C1FD16500BF7802 /* XCRemoteSwiftPackageReference "Moya" */;
			productName = ReactiveMoya;
		};
		1662B8192C1FD16500BF7802 /* RxMoya */ = {
			isa = XCSwiftPackageProductDependency;
			package = 1662B8122C1FD16500BF7802 /* XCRemoteSwiftPackageReference "Moya" */;
			productName = RxMoya;
		};
		16A213862BF30DCA00D82CE3 /* Toast */ = {
			isa = XCSwiftPackageProductDependency;
			package = 16A213852BF30DCA00D82CE3 /* XCRemoteSwiftPackageReference "Toast-Swift" */;
			productName = Toast;
		};
		16C3B9FE2B6A8A7A00CD8B97 /* Alamofire */ = {
			isa = XCSwiftPackageProductDependency;
			package = 16C3B9FD2B6A8A7A00CD8B97 /* XCRemoteSwiftPackageReference "Alamofire" */;
			productName = Alamofire;
		};
		16D147D22BBCDCF40036C01C /* FirebaseAnalytics */ = {
			isa = XCSwiftPackageProductDependency;
			package = 16D147D12BBCDCF40036C01C /* XCRemoteSwiftPackageReference "firebase-ios-sdk" */;
			productName = FirebaseAnalytics;
		};
		16D147D42BBCDCF40036C01C /* FirebaseAnalyticsOnDeviceConversion */ = {
			isa = XCSwiftPackageProductDependency;
			package = 16D147D12BBCDCF40036C01C /* XCRemoteSwiftPackageReference "firebase-ios-sdk" */;
			productName = FirebaseAnalyticsOnDeviceConversion;
		};
		16D147D62BBCDCF40036C01C /* FirebaseAnalyticsSwift */ = {
			isa = XCSwiftPackageProductDependency;
			package = 16D147D12BBCDCF40036C01C /* XCRemoteSwiftPackageReference "firebase-ios-sdk" */;
			productName = FirebaseAnalyticsSwift;
		};
		16D147D82BBCDCF40036C01C /* FirebaseAnalyticsWithoutAdIdSupport */ = {
			isa = XCSwiftPackageProductDependency;
			package = 16D147D12BBCDCF40036C01C /* XCRemoteSwiftPackageReference "firebase-ios-sdk" */;
			productName = FirebaseAnalyticsWithoutAdIdSupport;
		};
		16D147DA2BBCDCF40036C01C /* FirebaseAppCheck */ = {
			isa = XCSwiftPackageProductDependency;
			package = 16D147D12BBCDCF40036C01C /* XCRemoteSwiftPackageReference "firebase-ios-sdk" */;
			productName = FirebaseAppCheck;
		};
		16D147E02BC3E86E0036C01C /* FirebaseAppDistribution-Beta */ = {
			isa = XCSwiftPackageProductDependency;
			package = 16D147D12BBCDCF40036C01C /* XCRemoteSwiftPackageReference "firebase-ios-sdk" */;
			productName = "FirebaseAppDistribution-Beta";
		};
		16D147E22BC3E86E0036C01C /* FirebaseAuth */ = {
			isa = XCSwiftPackageProductDependency;
			package = 16D147D12BBCDCF40036C01C /* XCRemoteSwiftPackageReference "firebase-ios-sdk" */;
			productName = FirebaseAuth;
		};
		16D147E42BC3E86F0036C01C /* FirebaseAuthCombine-Community */ = {
			isa = XCSwiftPackageProductDependency;
			package = 16D147D12BBCDCF40036C01C /* XCRemoteSwiftPackageReference "firebase-ios-sdk" */;
			productName = "FirebaseAuthCombine-Community";
		};
		16D147E62BC3E86F0036C01C /* FirebaseCrashlytics */ = {
			isa = XCSwiftPackageProductDependency;
			package = 16D147D12BBCDCF40036C01C /* XCRemoteSwiftPackageReference "firebase-ios-sdk" */;
			productName = FirebaseCrashlytics;
		};
		16D147E82BC3E86F0036C01C /* FirebaseDatabase */ = {
			isa = XCSwiftPackageProductDependency;
			package = 16D147D12BBCDCF40036C01C /* XCRemoteSwiftPackageReference "firebase-ios-sdk" */;
			productName = FirebaseDatabase;
		};
		16D147EA2BC3E86F0036C01C /* FirebaseDatabaseSwift */ = {
			isa = XCSwiftPackageProductDependency;
			package = 16D147D12BBCDCF40036C01C /* XCRemoteSwiftPackageReference "firebase-ios-sdk" */;
			productName = FirebaseDatabaseSwift;
		};
		16D147EC2BC3E86F0036C01C /* FirebaseDynamicLinks */ = {
			isa = XCSwiftPackageProductDependency;
			package = 16D147D12BBCDCF40036C01C /* XCRemoteSwiftPackageReference "firebase-ios-sdk" */;
			productName = FirebaseDynamicLinks;
		};
		16D147EE2BC3E86F0036C01C /* FirebaseFirestore */ = {
			isa = XCSwiftPackageProductDependency;
			package = 16D147D12BBCDCF40036C01C /* XCRemoteSwiftPackageReference "firebase-ios-sdk" */;
			productName = FirebaseFirestore;
		};
		16D147F02BC3E86F0036C01C /* FirebaseFirestoreCombine-Community */ = {
			isa = XCSwiftPackageProductDependency;
			package = 16D147D12BBCDCF40036C01C /* XCRemoteSwiftPackageReference "firebase-ios-sdk" */;
			productName = "FirebaseFirestoreCombine-Community";
		};
		16D147F22BC3E86F0036C01C /* FirebaseFirestoreSwift */ = {
			isa = XCSwiftPackageProductDependency;
			package = 16D147D12BBCDCF40036C01C /* XCRemoteSwiftPackageReference "firebase-ios-sdk" */;
			productName = FirebaseFirestoreSwift;
		};
		16D147F42BC3E86F0036C01C /* FirebaseFunctions */ = {
			isa = XCSwiftPackageProductDependency;
			package = 16D147D12BBCDCF40036C01C /* XCRemoteSwiftPackageReference "firebase-ios-sdk" */;
			productName = FirebaseFunctions;
		};
		16D147F62BC3E86F0036C01C /* FirebaseFunctionsCombine-Community */ = {
			isa = XCSwiftPackageProductDependency;
			package = 16D147D12BBCDCF40036C01C /* XCRemoteSwiftPackageReference "firebase-ios-sdk" */;
			productName = "FirebaseFunctionsCombine-Community";
		};
		16D147F82BC3E86F0036C01C /* FirebaseInAppMessaging-Beta */ = {
			isa = XCSwiftPackageProductDependency;
			package = 16D147D12BBCDCF40036C01C /* XCRemoteSwiftPackageReference "firebase-ios-sdk" */;
			productName = "FirebaseInAppMessaging-Beta";
		};
		16D147FA2BC3E86F0036C01C /* FirebaseInAppMessagingSwift-Beta */ = {
			isa = XCSwiftPackageProductDependency;
			package = 16D147D12BBCDCF40036C01C /* XCRemoteSwiftPackageReference "firebase-ios-sdk" */;
			productName = "FirebaseInAppMessagingSwift-Beta";
		};
		16D147FC2BC3E86F0036C01C /* FirebaseInstallations */ = {
			isa = XCSwiftPackageProductDependency;
			package = 16D147D12BBCDCF40036C01C /* XCRemoteSwiftPackageReference "firebase-ios-sdk" */;
			productName = FirebaseInstallations;
		};
		16D147FE2BC3E86F0036C01C /* FirebaseMLModelDownloader */ = {
			isa = XCSwiftPackageProductDependency;
			package = 16D147D12BBCDCF40036C01C /* XCRemoteSwiftPackageReference "firebase-ios-sdk" */;
			productName = FirebaseMLModelDownloader;
		};
		16D148002BC3E86F0036C01C /* FirebaseMessaging */ = {
			isa = XCSwiftPackageProductDependency;
			package = 16D147D12BBCDCF40036C01C /* XCRemoteSwiftPackageReference "firebase-ios-sdk" */;
			productName = FirebaseMessaging;
		};
		16D148022BC3E86F0036C01C /* FirebasePerformance */ = {
			isa = XCSwiftPackageProductDependency;
			package = 16D147D12BBCDCF40036C01C /* XCRemoteSwiftPackageReference "firebase-ios-sdk" */;
			productName = FirebasePerformance;
		};
		16D148042BC3E86F0036C01C /* FirebaseRemoteConfig */ = {
			isa = XCSwiftPackageProductDependency;
			package = 16D147D12BBCDCF40036C01C /* XCRemoteSwiftPackageReference "firebase-ios-sdk" */;
			productName = FirebaseRemoteConfig;
		};
		16D148062BC3E86F0036C01C /* FirebaseRemoteConfigSwift */ = {
			isa = XCSwiftPackageProductDependency;
			package = 16D147D12BBCDCF40036C01C /* XCRemoteSwiftPackageReference "firebase-ios-sdk" */;
			productName = FirebaseRemoteConfigSwift;
		};
		16D148082BC3E86F0036C01C /* FirebaseStorage */ = {
			isa = XCSwiftPackageProductDependency;
			package = 16D147D12BBCDCF40036C01C /* XCRemoteSwiftPackageReference "firebase-ios-sdk" */;
			productName = FirebaseStorage;
		};
		16D1480A2BC3E86F0036C01C /* FirebaseStorageCombine-Community */ = {
			isa = XCSwiftPackageProductDependency;
			package = 16D147D12BBCDCF40036C01C /* XCRemoteSwiftPackageReference "firebase-ios-sdk" */;
			productName = "FirebaseStorageCombine-Community";
		};
		16EFBB432B84F1E5006C2EFF /* GoogleSignIn */ = {
			isa = XCSwiftPackageProductDependency;
			package = 16EFBB422B84F1E5006C2EFF /* XCRemoteSwiftPackageReference "GoogleSignIn-iOS" */;
			productName = GoogleSignIn;
		};
		16EFBB452B84F1E5006C2EFF /* GoogleSignInSwift */ = {
			isa = XCSwiftPackageProductDependency;
			package = 16EFBB422B84F1E5006C2EFF /* XCRemoteSwiftPackageReference "GoogleSignIn-iOS" */;
			productName = GoogleSignInSwift;
		};
/* End XCSwiftPackageProductDependency section */
	};
	rootObject = 16E008AD2B63FDDB004F83F0 /* Project object */;
}
